
Microsoft Visual Studio Solution File, Format Version 12.00
# Visual Studio Version 16
VisualStudioVersion = 16.0.30011.22
MinimumVisualStudioVersion = 10.0.40219.1
Project("{FAE04EC0-301F-11D3-BF4B-00C04F79EFBC}") = "ClassLibrary1", "ClassLibrary1\ClassLibrary1.csproj", "{7C12CD17-5CD2-4C91-A7B0-B7F5F9879547}"
EndProject
Global
	GlobalSection(SolutionConfigurationPlatforms) = preSolution
		Debug|Any CPU = Debug|Any CPU
		Release|Any CPU = Release|Any CPU
	EndGlobalSection
	GlobalSection(ProjectConfigurationPlatforms) = postSolution
		{7C12CD17-5CD2-4C91-A7B0-B7F5F9879547}.Debug|Any CPU.ActiveCfg = Debug|Any CPU
		{7C12CD17-5CD2-4C91-A7B0-B7F5F9879547}.Debug|Any CPU.Build.0 = Debug|Any CPU
		{7C12CD17-5CD2-4C91-A7B0-B7F5F9879547}.Release|Any CPU.ActiveCfg = Release|Any CPU
		{7C12CD17-5CD2-4C91-A7B0-B7F5F9879547}.Release|Any CPU.Build.0 = Release|Any CPU
	EndGlobalSection
	GlobalSection(SolutionProperties) = preSolution
		HideSolutionNode = FALSE
	EndGlobalSection
	GlobalSection(ExtensibilityGlobals) = postSolution
		SolutionGuid = {1AB268AA-9621-4728-A279-5DEBF86DF85E}
	EndGlobalSection
EndGlobal
